{
  "name": "fb-group-management-tools",
  "version": "1.0.0",
  "lockfileVersion": 1,
  "requires": true,
  "dependencies": {
    "@types/chrome": {
      "version": "0.0.35",
      "resolved": "https://registry.npmjs.org/@types/chrome/-/chrome-0.0.35.tgz",
      "integrity": "sha1-rDGPtqfSeV/Mj6sO25cSqMoYgZQ=",
      "dev": true,
      "requires": {
        "@types/filesystem": "0.0.28"
      }
    },
    "@types/filesystem": {
      "version": "0.0.28",
      "resolved": "https://registry.npmjs.org/@types/filesystem/-/filesystem-0.0.28.tgz",
      "integrity": "sha1-P9dzWDDyx0E8taxFeAvEWQRpew4=",
      "dev": true,
      "requires": {
        "@types/filewriter": "0.0.28"
      }
    },
    "@types/filewriter": {
      "version": "0.0.28",
      "resolved": "https://registry.npmjs.org/@types/filewriter/-/filewriter-0.0.28.tgz",
      "integrity": "sha1-wFTor02d11205jq8dviFFocU1LM=",
      "dev": true
    },
    "@types/node": {
      "version": "0.0.2",
      "resolved": "https://registry.npmjs.org/@types/node/-/node-0.0.2.tgz",
      "integrity": "sha1-DaSTSQL79oqXoPUyBKNa0iJJF7w=",
      "dev": true
    },
    "core-js": {
      "version": "2.5.1",
      "resolved": "https://registry.npmjs.org/core-js/-/core-js-2.5.1.tgz",
      "integrity": "sha1-rmh03GaTd4m4B1T/VCjfZoGcpQs="
    },
    "systemjs": {
      "version": "0.20.13",
      "resolved": "https://registry.npmjs.org/systemjs/-/systemjs-0.20.13.tgz",
      "integrity": "sha1-rc3uFnKRmW5U6Mnt5i2m1Qx/Ew8="
    },
    "typescript": {
      "version": "2.5.2",
      "resolved": "https://registry.npmjs.org/typescript/-/typescript-2.5.2.tgz",
      "integrity": "sha1-A4qV99m7tCCxvzW6MdTFwd0//jQ=",
      "dev": true
    }
  }
}
